// !$*UTF8*$!
{
	archiveVersion = 1;
	classes = {
	};
	objectVersion = 77;
	objects = {

/* Begin PBXBuildFile section */
		B722324A2F7C7ACE000401F5 /* WidgetKit.framework in Frameworks */ = {isa = PBXBuildFile; fileRef = B72232492F7C7ACE000401F5 /* WidgetKit.framework */; };
		B722324C2F7C7ACE000401F5 /* SwiftUI.framework in Frameworks */ = {isa = PBXBuildFile; fileRef = B722324B2F7C7ACE000401F5 /* SwiftUI.framework */; };
		B72232592F7C7AD0000401F5 /* JidalCEWidgetExtension.appex in Embed Foundation Extensions */ = {isa = PBXBuildFile; fileRef = B72232472F7C7ACE000401F5 /* JidalCEWidgetExtension.appex */; settings = {ATTRIBUTES = (RemoveHeadersOnCopy, ); }; };
/* End PBXBuildFile section */

/* Begin PBXContainerItemProxy section */
		B72232572F7C7AD0000401F5 /* PBXContainerItemProxy */ = {
			isa = PBXContainerItemProxy;
			containerPortal = B72230562F7C69A5000401F5 /* Project object */;
			proxyType = 1;
			remoteGlobalIDString = B72232462F7C7ACE000401F5;
			remoteInfo = JidalCEWidgetExtension;
		};
/* End PBXContainerItemProxy section */

/* Begin PBXCopyFilesBuildPhase section */
		B722325E2F7C7AD0000401F5 /* Embed Foundation Extensions */ = {
			isa = PBXCopyFilesBuildPhase;
			buildActionMask = 2147483647;
			dstPath = "";
			dstSubfolderSpec = 13;
			files = (
				B72232592F7C7AD0000401F5 /* JidalCEWidgetExtension.appex in Embed Foundation Extensions */,
			);
			name = "Embed Foundation Extensions";
			runOnlyForDeploymentPostprocessing = 0;
		};
/* End PBXCopyFilesBuildPhase section */

/* Begin PBXFileReference section */
		B722305E2F7C69A5000401F5 /* JidalCE.app */ = {isa = PBXFileReference; explicitFileType = wrapper.application; includeInIndex = 0; path = JidalCE.app; sourceTree = BUILT_PRODUCTS_DIR; };
		B72232472F7C7ACE000401F5 /* JidalCEWidgetExtension.appex */ = {isa = PBXFileReference; explicitFileType = "wrapper.app-extension"; includeInIndex = 0; path = JidalCEWidgetExtension.appex; sourceTree = BUILT_PRODUCTS_DIR; };
		B72232492F7C7ACE000401F5 /* WidgetKit.framework */ = {isa = PBXFileReference; lastKnownFileType = wrapper.framework; name = WidgetKit.framework; path = System/Library/Frameworks/WidgetKit.framework; sourceTree = SDKROOT; };
		B722324B2F7C7ACE000401F5 /* SwiftUI.framework */ = {isa = PBXFileReference; lastKnownFileType = wrapper.framework; name = SwiftUI.framework; path = System/Library/Frameworks/SwiftUI.framework; sourceTree = SDKROOT; };
		B72232602F7C7B6F000401F5 /* JidalCEWidgetExtensionRelease.entitlements */ = {isa = PBXFileReference; lastKnownFileType = text.plist.entitlements; path = JidalCEWidgetExtensionRelease.entitlements; sourceTree = "<group>"; };
/* End PBXFileReference section */

/* Begin PBXFileSystemSynchronizedBuildFileExceptionSet section */
		B722325A2F7C7AD0000401F5 /* Exceptions for "JidalCEWidget" folder in "JidalCEWidgetExtension" target */ = {
			isa = PBXFileSystemSynchronizedBuildFileExceptionSet;
			membershipExceptions = (
				Info.plist,
			);
			target = B72232462F7C7ACE000401F5 /* JidalCEWidgetExtension */;
		};
		B72232622F7C7C8B000401F5 /* Exceptions for "JidalCE" folder in "JidalCEWidgetExtension" target */ = {
			isa = PBXFileSystemSynchronizedBuildFileExceptionSet;
			membershipExceptions = (
				Data/CalendarStore.swift,
				Domain/Models/Ledger.swift,
				Domain/Models/MonthlySnapshot.swift,
				Domain/Models/Transaction.swift,
				Services/NoteSerializer.swift,
			);
			target = B72232462F7C7ACE000401F5 /* JidalCEWidgetExtension */;
		};
/* End PBXFileSystemSynchronizedBuildFileExceptionSet section */

/* Begin PBXFileSystemSynchronizedRootGroup section */
		B72230602F7C69A5000401F5 /* JidalCE */ = {
			isa = PBXFileSystemSynchronizedRootGroup;
			exceptions = (
				B72232622F7C7C8B000401F5 /* Exceptions for "JidalCE" folder in "JidalCEWidgetExtension" target */,
			);
			path = JidalCE;
			sourceTree = "<group>";
		};
		B722324D2F7C7ACE000401F5 /* JidalCEWidget */ = {
			isa = PBXFileSystemSynchronizedRootGroup;
			exceptions = (
				B722325A2F7C7AD0000401F5 /* Exceptions for "JidalCEWidget" folder in "JidalCEWidgetExtension" target */,
			);
			path = JidalCEWidget;
			sourceTree = "<group>";
		};
/* End PBXFileSystemSynchronizedRootGroup section */

/* Begin PBXFrameworksBuildPhase section */
		B722305B2F7C69A5000401F5 /* Frameworks */ = {
			isa = PBXFrameworksBuildPhase;
			buildActionMask = 2147483647;
			files = (
			);
			runOnlyForDeploymentPostprocessing = 0;
		};
		B72232442F7C7ACE000401F5 /* Frameworks */ = {
			isa = PBXFrameworksBuildPhase;
			buildActionMask = 2147483647;
			files = (
				B722324C2F7C7ACE000401F5 /* SwiftUI.framework in Frameworks */,
				B722324A2F7C7ACE000401F5 /* WidgetKit.framework in Frameworks */,
			);
			runOnlyForDeploymentPostprocessing = 0;
		};
/* End PBXFrameworksBuildPhase section */

/* Begin PBXGroup section */
		B72230552F7C69A5000401F5 = {
			isa = PBXGroup;
			children = (
				B72232602F7C7B6F000401F5 /* JidalCEWidgetExtensionRelease.entitlements */,
				B72230602F7C69A5000401F5 /* JidalCE */,
				B722324D2F7C7ACE000401F5 /* JidalCEWidget */,
				B72232482F7C7ACE000401F5 /* Frameworks */,
				B722305F2F7C69A5000401F5 /* Products */,
				B72230702F7C6A6B000401F5 /* App */,
				B72230712F7C6A6C000401F5 /* Data */,
				B72230722F7C6A6C000401F5 /* Services */,
				B72230732F7C6A6D000401F5 /* Support */,
				B72230742F7C6A72000401F5 /* Domain */,
				B72230752F7C6A73000401F5 /* Features */,
				B72232312F7C7740000401F5 /* Intents */,
			);
			sourceTree = "<group>";
		};
		B722305F2F7C69A5000401F5 /* Products */ = {
			isa = PBXGroup;
			children = (
				B722305E2F7C69A5000401F5 /* JidalCE.app */,
				B72232472F7C7ACE000401F5 /* JidalCEWidgetExtension.appex */,
			);
			name = Products;
			sourceTree = "<group>";
		};
		B72230702F7C6A6B000401F5 /* App */ = {
			isa = PBXGroup;
			children = (
			);
			path = App;
			sourceTree = "<group>";
		};
		B72230712F7C6A6C000401F5 /* Data */ = {
			isa = PBXGroup;
			children = (
			);
			path = Data;
			sourceTree = "<group>";
		};
		B72230722F7C6A6C000401F5 /* Services */ = {
			isa = PBXGroup;
			children = (
			);
			path = Services;
			sourceTree = "<group>";
		};
		B72230732F7C6A6D000401F5 /* Support */ = {
			isa = PBXGroup;
			children = (
			);
			path = Support;
			sourceTree = "<group>";
		};
		B72230742F7C6A72000401F5 /* Domain */ = {
			isa = PBXGroup;
			children = (
				B72230772F7C6A79000401F5 /* Models */,
			);
			path = Domain;
			sourceTree = "<group>";
		};
		B72230752F7C6A73000401F5 /* Features */ = {
			isa = PBXGroup;
			children = (
				B72230762F7C6A73000401F5 /* Shared */,
				B72230782F7C6A79000401F5 /* Onboarding */,
				B72230792F7C6A7A000401F5 /* Calendar */,
				B722307A2F7C6A7A000401F5 /* TransactionList */,
				B722307B2F7C6A7B000401F5 /* AddTransaction */,
				B722307C2F7C6A7B000401F5 /* Statistics */,
				B722307D2F7C6A7B000401F5 /* Settings */,
				B722318E2F7C72BC000401F5 /* Voice */,
				B722318F2F7C72BC000401F5 /* SMS */,
				B722322F2F7C7740000401F5 /* Sharing */,
				B72232302F7C7740000401F5 /* Search */,
			);
			path = Features;
			sourceTree = "<group>";
		};
		B72230762F7C6A73000401F5 /* Shared */ = {
			isa = PBXGroup;
			children = (
				B722307E2F7C6A7B000401F5 /* Components */,
			);
			path = Shared;
			sourceTree = "<group>";
		};
		B72230772F7C6A79000401F5 /* Models */ = {
			isa = PBXGroup;
			children = (
			);
			path = Models;
			sourceTree = "<group>";
		};
		B72230782F7C6A79000401F5 /* Onboarding */ = {
			isa = PBXGroup;
			children = (
			);
			path = Onboarding;
			sourceTree = "<group>";
		};
		B72230792F7C6A7A000401F5 /* Calendar */ = {
			isa = PBXGroup;
			children = (
			);
			path = Calendar;
			sourceTree = "<group>";
		};
		B722307A2F7C6A7A000401F5 /* TransactionList */ = {
			isa = PBXGroup;
			children = (
			);
			path = TransactionList;
			sourceTree = "<group>";
		};
		B722307B2F7C6A7B000401F5 /* AddTransaction */ = {
			isa = PBXGroup;
			children = (
			);
			path = AddTransaction;
			sourceTree = "<group>";
		};
		B722307C2F7C6A7B000401F5 /* Statistics */ = {
			isa = PBXGroup;
			children = (
			);
			path = Statistics;
			sourceTree = "<group>";
		};
		B722307D2F7C6A7B000401F5 /* Settings */ = {
			isa = PBXGroup;
			children = (
			);
			path = Settings;
			sourceTree = "<group>";
		};
		B722307E2F7C6A7B000401F5 /* Components */ = {
			isa = PBXGroup;
			children = (
			);
			path = Components;
			sourceTree = "<group>";
		};
		B722318E2F7C72BC000401F5 /* Voice */ = {
			isa = PBXGroup;
			children = (
			);
			path = Voice;
			sourceTree = "<group>";
		};
		B722318F2F7C72BC000401F5 /* SMS */ = {
			isa = PBXGroup;
			children = (
			);
			path = SMS;
			sourceTree = "<group>";
		};
		B722322F2F7C7740000401F5 /* Sharing */ = {
			isa = PBXGroup;
			children = (
			);
			path = Sharing;
			sourceTree = "<group>";
		};
		B72232302F7C7740000401F5 /* Search */ = {
			isa = PBXGroup;
			children = (
			);
			path = Search;
			sourceTree = "<group>";
		};
		B72232312F7C7740000401F5 /* Intents */ = {
			isa = PBXGroup;
			children = (
			);
			path = Intents;
			sourceTree = "<group>";
		};
		B72232482F7C7ACE000401F5 /* Frameworks */ = {
			isa = PBXGroup;
			children = (
				B72232492F7C7ACE000401F5 /* WidgetKit.framework */,
				B722324B2F7C7ACE000401F5 /* SwiftUI.framework */,
			);
			name = Frameworks;
			sourceTree = "<group>";
		};
/* End PBXGroup section */

/* Begin PBXNativeTarget section */
		B722305D2F7C69A5000401F5 /* JidalCE */ = {
			isa = PBXNativeTarget;
			buildConfigurationList = B72230692F7C69A7000401F5 /* Build configuration list for PBXNativeTarget "JidalCE" */;
			buildPhases = (
				B722305A2F7C69A5000401F5 /* Sources */,
				B722305B2F7C69A5000401F5 /* Frameworks */,
				B722305C2F7C69A5000401F5 /* Resources */,
				B722325E2F7C7AD0000401F5 /* Embed Foundation Extensions */,
			);
			buildRules = (
			);
			dependencies = (
				B72232582F7C7AD0000401F5 /* PBXTargetDependency */,
			);
			fileSystemSynchronizedGroups = (
				B72230602F7C69A5000401F5 /* JidalCE */,
			);
			name = JidalCE;
			packageProductDependencies = (
			);
			productName = JidalCE;
			productReference = B722305E2F7C69A5000401F5 /* JidalCE.app */;
			productType = "com.apple.product-type.application";
		};
		B72232462F7C7ACE000401F5 /* JidalCEWidgetExtension */ = {
			isa = PBXNativeTarget;
			buildConfigurationList = B722325B2F7C7AD0000401F5 /* Build configuration list for PBXNativeTarget "JidalCEWidgetExtension" */;
			buildPhases = (
				B72232432F7C7ACE000401F5 /* Sources */,
				B72232442F7C7ACE000401F5 /* Frameworks */,
				B72232452F7C7ACE000401F5 /* Resources */,
			);
			buildRules = (
			);
			dependencies = (
			);
			fileSystemSynchronizedGroups = (
				B722324D2F7C7ACE000401F5 /* JidalCEWidget */,
			);
			name = JidalCEWidgetExtension;
			packageProductDependencies = (
			);
			productName = JidalCEWidgetExtension;
			productReference = B72232472F7C7ACE000401F5 /* JidalCEWidgetExtension.appex */;
			productType = "com.apple.product-type.app-extension";
		};
/* End PBXNativeTarget section */

/* Begin PBXProject section */
		B72230562F7C69A5000401F5 /* Project object */ = {
			isa = PBXProject;
			attributes = {
				BuildIndependentTargetsInParallel = 1;
				LastSwiftUpdateCheck = 2630;
				LastUpgradeCheck = 2630;
				TargetAttributes = {
					B722305D2F7C69A5000401F5 = {
						CreatedOnToolsVersion = 26.3;
					};
					B72232462F7C7ACE000401F5 = {
						CreatedOnToolsVersion = 26.3;
					};
				};
			};
			buildConfigurationList = B72230592F7C69A5000401F5 /* Build configuration list for PBXProject "JidalCE" */;
			developmentRegion = en;
			hasScannedForEncodings = 0;
			knownRegions = (
				en,
				Base,
			);
			mainGroup = B72230552F7C69A5000401F5;
			minimizedProjectReferenceProxies = 1;
			preferredProjectObjectVersion = 77;
			productRefGroup = B722305F2F7C69A5000401F5 /* Products */;
			projectDirPath = "";
			projectRoot = "";
			targets = (
				B722305D2F7C69A5000401F5 /* JidalCE */,
				B72232462F7C7ACE000401F5 /* JidalCEWidgetExtension */,
			);
		};
/* End PBXProject section */

/* Begin PBXResourcesBuildPhase section */
		B722305C2F7C69A5000401F5 /* Resources */ = {
			isa = PBXResourcesBuildPhase;
			buildActionMask = 2147483647;
			files = (
			);
			runOnlyForDeploymentPostprocessing = 0;
		};
		B72232452F7C7ACE000401F5 /* Resources */ = {
			isa = PBXResourcesBuildPhase;
			buildActionMask = 2147483647;
			files = (
			);
			runOnlyForDeploymentPostprocessing = 0;
		};
/* End PBXResourcesBuildPhase section */

/* Begin PBXSourcesBuildPhase section */
		B722305A2F7C69A5000401F5 /* Sources */ = {
			isa = PBXSourcesBuildPhase;
			buildActionMask = 2147483647;
			files = (
			);
			runOnlyForDeploymentPostprocessing = 0;
		};
		B72232432F7C7ACE000401F5 /* Sources */ = {
			isa = PBXSourcesBuildPhase;
			buildActionMask = 2147483647;
			files = (
			);
			runOnlyForDeploymentPostprocessing = 0;
		};
/* End PBXSourcesBuildPhase section */

/* Begin PBXTargetDependency section */
		B72232582F7C7AD0000401F5 /* PBXTargetDependency */ = {
			isa = PBXTargetDependency;
			target = B72232462F7C7ACE000401F5 /* JidalCEWidgetExtension */;
			targetProxy = B72232572F7C7AD0000401F5 /* PBXContainerItemProxy */;
		};
/* End PBXTargetDependency section */

/* Begin XCBuildConfiguration section */
		B72230672F7C69A7000401F5 /* Debug */ = {
			isa = XCBuildConfiguration;
			buildSettings = {
				ALWAYS_SEARCH_USER_PATHS = NO;
				ASSETCATALOG_COMPILER_GENERATE_SWIFT_ASSET_SYMBOL_EXTENSIONS = YES;
				CLANG_ANALYZER_NONNULL = YES;
				CLANG_ANALYZER_NUMBER_OBJECT_CONVERSION = YES_AGGRESSIVE;
				CLANG_CXX_LANGUAGE_STANDARD = "gnu++20";
				CLANG_ENABLE_MODULES = YES;
				CLANG_ENABLE_OBJC_ARC = YES;
				CLANG_ENABLE_OBJC_WEAK = YES;
				CLANG_WARN_BLOCK_CAPTURE_AUTORELEASING = YES;
				CLANG_WARN_BOOL_CONVERSION = YES;
				CLANG_WARN_COMMA = YES;
				CLANG_WARN_CONSTANT_CONVERSION = YES;
				CLANG_WARN_DEPRECATED_OBJC_IMPLEMENTATIONS = YES;
				CLANG_WARN_DIRECT_OBJC_ISA_USAGE = YES_ERROR;
				CLANG_WARN_DOCUMENTATION_COMMENTS = YES;
				CLANG_WARN_EMPTY_BODY = YES;
				CLANG_WARN_ENUM_CONVERSION = YES;
				CLANG_WARN_INFINITE_RECURSION = YES;
				CLANG_WARN_INT_CONVERSION = YES;
				CLANG_WARN_NON_LITERAL_NULL_CONVERSION = YES;
				CLANG_WARN_OBJC_IMPLICIT_RETAIN_SELF = YES;
				CLANG_WARN_OBJC_LITERAL_CONVERSION = YES;
				CLANG_WARN_OBJC_ROOT_CLASS = YES_ERROR;
				CLANG_WARN_QUOTED_INCLUDE_IN_FRAMEWORK_HEADER = YES;
				CLANG_WARN_RANGE_LOOP_ANALYSIS = YES;
				CLANG_WARN_STRICT_PROTOTYPES = YES;
				CLANG_WARN_SUSPICIOUS_MOVE = YES;
				CLANG_WARN_UNGUARDED_AVAILABILITY = YES_AGGRESSIVE;
				CLANG_WARN_UNREACHABLE_CODE = YES;
				CLANG_WARN__DUPLICATE_METHOD_MATCH = YES;
				COPY_PHASE_STRIP = NO;
				DEBUG_INFORMATION_FORMAT = dwarf;
				DEVELOPMENT_TEAM = 27CM6797KC;
				ENABLE_STRICT_OBJC_MSGSEND = YES;
				ENABLE_TESTABILITY = YES;
				ENABLE_USER_SCRIPT_SANDBOXING = YES;
				GCC_C_LANGUAGE_STANDARD = gnu17;
				GCC_DYNAMIC_NO_PIC = NO;
				GCC_NO_COMMON_BLOCKS = YES;
				GCC_OPTIMIZATION_LEVEL = 0;
				GCC_PREPROCESSOR_DEFINITIONS = (
					"DEBUG=1",
					"$(inherited)",
				);
				GCC_WARN_64_TO_32_BIT_CONVERSION = YES;
				GCC_WARN_ABOUT_RETURN_TYPE = YES_ERROR;
				GCC_WARN_UNDECLARED_SELECTOR = YES;
				GCC_WARN_UNINITIALIZED_AUTOS = YES_AGGRESSIVE;
				GCC_WARN_UNUSED_FUNCTION = YES;
				GCC_WARN_UNUSED_VARIABLE = YES;
				IPHONEOS_DEPLOYMENT_TARGET = 26.0;
				LOCALIZATION_PREFERS_STRING_CATALOGS = YES;
				MTL_ENABLE_DEBUG_INFO = INCLUDE_SOURCE;
				MTL_FAST_MATH = YES;
				ONLY_ACTIVE_ARCH = YES;
				SDKROOT = iphoneos;
				SWIFT_ACTIVE_COMPILATION_CONDITIONS = "DEBUG $(inherited)";
				SWIFT_OPTIMIZATION_LEVEL = "-Onone";
			};
			name = Debug;
		};
		B72230682F7C69A7000401F5 /* Release */ = {
			isa = XCBuildConfiguration;
			buildSettings = {
				ALWAYS_SEARCH_USER_PATHS = NO;
				ASSETCATALOG_COMPILER_GENERATE_SWIFT_ASSET_SYMBOL_EXTENSIONS = YES;
				CLANG_ANALYZER_NONNULL = YES;
				CLANG_ANALYZER_NUMBER_OBJECT_CONVERSION = YES_AGGRESSIVE;
				CLANG_CXX_LANGUAGE_STANDARD = "gnu++20";
				CLANG_ENABLE_MODULES = YES;
				CLANG_ENABLE_OBJC_ARC = YES;
				CLANG_ENABLE_OBJC_WEAK = YES;
				CLANG_WARN_BLOCK_CAPTURE_AUTORELEASING = YES;
				CLANG_WARN_BOOL_CONVERSION = YES;
				CLANG_WARN_COMMA = YES;
				CLANG_WARN_CONSTANT_CONVERSION = YES;
				CLANG_WARN_DEPRECATED_OBJC_IMPLEMENTATIONS = YES;
				CLANG_WARN_DIRECT_OBJC_ISA_USAGE = YES_ERROR;
				CLANG_WARN_DOCUMENTATION_COMMENTS = YES;
				CLANG_WARN_EMPTY_BODY = YES;
				CLANG_WARN_ENUM_CONVERSION = YES;
				CLANG_WARN_INFINITE_RECURSION = YES;
				CLANG_WARN_INT_CONVERSION = YES;
				CLANG_WARN_NON_LITERAL_NULL_CONVERSION = YES;
				CLANG_WARN_OBJC_IMPLICIT_RETAIN_SELF = YES;
				CLANG_WARN_OBJC_LITERAL_CONVERSION = YES;
				CLANG_WARN_OBJC_ROOT_CLASS = YES_ERROR;
				CLANG_WARN_QUOTED_INCLUDE_IN_FRAMEWORK_HEADER = YES;
				CLANG_WARN_RANGE_LOOP_ANALYSIS = YES;
				CLANG_WARN_STRICT_PROTOTYPES = YES;
				CLANG_WARN_SUSPICIOUS_MOVE = YES;
				CLANG_WARN_UNGUARDED_AVAILABILITY = YES_AGGRESSIVE;
				CLANG_WARN_UNREACHABLE_CODE = YES;
				CLANG_WARN__DUPLICATE_METHOD_MATCH = YES;
				COPY_PHASE_STRIP = NO;
				DEBUG_INFORMATION_FORMAT = "dwarf-with-dsym";
				DEVELOPMENT_TEAM = 27CM6797KC;
				ENABLE_NS_ASSERTIONS = NO;
				ENABLE_STRICT_OBJC_MSGSEND = YES;
				ENABLE_USER_SCRIPT_SANDBOXING = YES;
				GCC_C_LANGUAGE_STANDARD = gnu17;
				GCC_NO_COMMON_BLOCKS = YES;
				GCC_WARN_64_TO_32_BIT_CONVERSION = YES;
				GCC_WARN_ABOUT_RETURN_TYPE = YES_ERROR;
				GCC_WARN_UNDECLARED_SELECTOR = YES;
				GCC_WARN_UNINITIALIZED_AUTOS = YES_AGGRESSIVE;
				GCC_WARN_UNUSED_FUNCTION = YES;
				GCC_WARN_UNUSED_VARIABLE = YES;
				IPHONEOS_DEPLOYMENT_TARGET = 26.0;
				LOCALIZATION_PREFERS_STRING_CATALOGS = YES;
				MTL_ENABLE_DEBUG_INFO = NO;
				MTL_FAST_MATH = YES;
				SDKROOT = iphoneos;
				SWIFT_COMPILATION_MODE = wholemodule;
				VALIDATE_PRODUCT = YES;
			};
			name = Release;
		};
		B722306A2F7C69A7000401F5 /* Debug */ = {
			isa = XCBuildConfiguration;
			buildSettings = {
				ASSETCATALOG_COMPILER_APPICON_NAME = AppIcon;
				ASSETCATALOG_COMPILER_GLOBAL_ACCENT_COLOR_NAME = AccentColor;
				CODE_SIGN_STYLE = Automatic;
				CURRENT_PROJECT_VERSION = 1;
				DEVELOPMENT_TEAM = 27CM6797KC;
				ENABLE_PREVIEWS = YES;
				GENERATE_INFOPLIST_FILE = YES;
				INFOPLIST_KEY_NSCalendarsFullAccessUsageDescription = "가계부 데이터를 캘린더 이벤트로 저장하고, 공유 캘린더를 통해 다른 가족 구성원과 함께 사용합니다.";
				INFOPLIST_KEY_NSMicrophoneUsageDescription = "음성으로 거래를 기록하기 위해 마이크를 사용합니다.";
				INFOPLIST_KEY_NSSpeechRecognitionUsageDescription = "음성으로 거래를 기록하기 위해 음성 인식을 사용합니다.";
				INFOPLIST_KEY_UIApplicationSceneManifest_Generation = YES;
				INFOPLIST_KEY_UIApplicationSupportsIndirectInputEvents = YES;
				INFOPLIST_KEY_UILaunchScreen_Generation = YES;
				INFOPLIST_KEY_UISupportedInterfaceOrientations_iPad = "UIInterfaceOrientationPortrait UIInterfaceOrientationPortraitUpsideDown UIInterfaceOrientationLandscapeLeft UIInterfaceOrientationLandscapeRight";
				INFOPLIST_KEY_UISupportedInterfaceOrientations_iPhone = "UIInterfaceOrientationPortrait UIInterfaceOrientationLandscapeLeft UIInterfaceOrientationLandscapeRight";
				LD_RUNPATH_SEARCH_PATHS = (
					"$(inherited)",
					"@executable_path/Frameworks",
				);
				MARKETING_VERSION = 1.0;
				PRODUCT_BUNDLE_IDENTIFIER = com.JidalCE.app;
				PRODUCT_NAME = "$(TARGET_NAME)";
				STRING_CATALOG_GENERATE_SYMBOLS = YES;
				SWIFT_APPROACHABLE_CONCURRENCY = YES;
				SWIFT_DEFAULT_ACTOR_ISOLATION = MainActor;
				SWIFT_EMIT_LOC_STRINGS = YES;
				SWIFT_UPCOMING_FEATURE_MEMBER_IMPORT_VISIBILITY = YES;
				SWIFT_VERSION = 5.0;
				TARGETED_DEVICE_FAMILY = "1,2";
			};
			name = Debug;
		};
		B722306B2F7C69A7000401F5 /* Release */ = {
			isa = XCBuildConfiguration;
			buildSettings = {
				ASSETCATALOG_COMPILER_APPICON_NAME = AppIcon;
				ASSETCATALOG_COMPILER_GLOBAL_ACCENT_COLOR_NAME = AccentColor;
				CODE_SIGN_ENTITLEMENTS = JidalCE/JidalCERelease.entitlements;
				CODE_SIGN_STYLE = Automatic;
				CURRENT_PROJECT_VERSION = 1;
				DEVELOPMENT_TEAM = 27CM6797KC;
				ENABLE_PREVIEWS = YES;
				GENERATE_INFOPLIST_FILE = YES;
				INFOPLIST_KEY_NSCalendarsFullAccessUsageDescription = "가계부 데이터를 캘린더 이벤트로 저장하고, 공유 캘린더를 통해 다른 가족 구성원과 함께 사용합니다.";
				INFOPLIST_KEY_NSMicrophoneUsageDescription = "음성으로 거래를 기록하기 위해 마이크를 사용합니다.";
				INFOPLIST_KEY_NSSpeechRecognitionUsageDescription = "음성으로 거래를 기록하기 위해 음성 인식을 사용합니다.";
				INFOPLIST_KEY_UIApplicationSceneManifest_Generation = YES;
				INFOPLIST_KEY_UIApplicationSupportsIndirectInputEvents = YES;
				INFOPLIST_KEY_UILaunchScreen_Generation = YES;
				INFOPLIST_KEY_UISupportedInterfaceOrientations_iPad = "UIInterfaceOrientationPortrait UIInterfaceOrientationPortraitUpsideDown UIInterfaceOrientationLandscapeLeft UIInterfaceOrientationLandscapeRight";
				INFOPLIST_KEY_UISupportedInterfaceOrientations_iPhone = "UIInterfaceOrientationPortrait UIInterfaceOrientationLandscapeLeft UIInterfaceOrientationLandscapeRight";
				LD_RUNPATH_SEARCH_PATHS = (
					"$(inherited)",
					"@executable_path/Frameworks",
				);
				MARKETING_VERSION = 1.0;
				PRODUCT_BUNDLE_IDENTIFIER = com.JidalCE.app;
				PRODUCT_NAME = "$(TARGET_NAME)";
				STRING_CATALOG_GENERATE_SYMBOLS = YES;
				SWIFT_APPROACHABLE_CONCURRENCY = YES;
				SWIFT_DEFAULT_ACTOR_ISOLATION = MainActor;
				SWIFT_EMIT_LOC_STRINGS = YES;
				SWIFT_UPCOMING_FEATURE_MEMBER_IMPORT_VISIBILITY = YES;
				SWIFT_VERSION = 5.0;
				TARGETED_DEVICE_FAMILY = "1,2";
			};
			name = Release;
		};
		B722325C2F7C7AD0000401F5 /* Debug */ = {
			isa = XCBuildConfiguration;
			buildSettings = {
				ASSETCATALOG_COMPILER_GLOBAL_ACCENT_COLOR_NAME = AccentColor;
				ASSETCATALOG_COMPILER_WIDGET_BACKGROUND_COLOR_NAME = WidgetBackground;
				CODE_SIGN_STYLE = Automatic;
				CURRENT_PROJECT_VERSION = 1;
				DEVELOPMENT_TEAM = 27CM6797KC;
				GENERATE_INFOPLIST_FILE = YES;
				INFOPLIST_FILE = JidalCEWidget/Info.plist;
				INFOPLIST_KEY_CFBundleDisplayName = JidalCEWidget;
				INFOPLIST_KEY_NSHumanReadableCopyright = "";
				IPHONEOS_DEPLOYMENT_TARGET = 26.0;
				LD_RUNPATH_SEARCH_PATHS = (
					"$(inherited)",
					"@executable_path/Frameworks",
					"@executable_path/../../Frameworks",
				);
				MARKETING_VERSION = 1.0;
				PRODUCT_BUNDLE_IDENTIFIER = com.JidalCE.app.JidalCEWidget;
				PRODUCT_NAME = "$(TARGET_NAME)";
				SKIP_INSTALL = YES;
				STRING_CATALOG_GENERATE_SYMBOLS = YES;
				SWIFT_APPROACHABLE_CONCURRENCY = YES;
				SWIFT_EMIT_LOC_STRINGS = YES;
				SWIFT_UPCOMING_FEATURE_MEMBER_IMPORT_VISIBILITY = YES;
				SWIFT_VERSION = 5.0;
				TARGETED_DEVICE_FAMILY = "1,2";
			};
			name = Debug;
		};
		B722325D2F7C7AD0000401F5 /* Release */ = {
			isa = XCBuildConfiguration;
			buildSettings = {
				ASSETCATALOG_COMPILER_GLOBAL_ACCENT_COLOR_NAME = AccentColor;
				ASSETCATALOG_COMPILER_WIDGET_BACKGROUND_COLOR_NAME = WidgetBackground;
				CODE_SIGN_ENTITLEMENTS = JidalCEWidgetExtensionRelease.entitlements;
				CODE_SIGN_STYLE = Automatic;
				CURRENT_PROJECT_VERSION = 1;
				DEVELOPMENT_TEAM = 27CM6797KC;
				GENERATE_INFOPLIST_FILE = YES;
				INFOPLIST_FILE = JidalCEWidget/Info.plist;
				INFOPLIST_KEY_CFBundleDisplayName = JidalCEWidget;
				INFOPLIST_KEY_NSHumanReadableCopyright = "";
				IPHONEOS_DEPLOYMENT_TARGET = 26.0;
				LD_RUNPATH_SEARCH_PATHS = (
					"$(inherited)",
					"@executable_path/Frameworks",
					"@executable_path/../../Frameworks",
				);
				MARKETING_VERSION = 1.0;
				PRODUCT_BUNDLE_IDENTIFIER = com.JidalCE.app.JidalCEWidget;
				PRODUCT_NAME = "$(TARGET_NAME)";
				SKIP_INSTALL = YES;
				STRING_CATALOG_GENERATE_SYMBOLS = YES;
				SWIFT_APPROACHABLE_CONCURRENCY = YES;
				SWIFT_EMIT_LOC_STRINGS = YES;
				SWIFT_UPCOMING_FEATURE_MEMBER_IMPORT_VISIBILITY = YES;
				SWIFT_VERSION = 5.0;
				TARGETED_DEVICE_FAMILY = "1,2";
			};
			name = Release;
		};
/* End XCBuildConfiguration section */

/* Begin XCConfigurationList section */
		B72230592F7C69A5000401F5 /* Build configuration list for PBXProject "JidalCE" */ = {
			isa = XCConfigurationList;
			buildConfigurations = (
				B72230672F7C69A7000401F5 /* Debug */,
				B72230682F7C69A7000401F5 /* Release */,
			);
			defaultConfigurationIsVisible = 0;
			defaultConfigurationName = Release;
		};
		B72230692F7C69A7000401F5 /* Build configuration list for PBXNativeTarget "JidalCE" */ = {
			isa = XCConfigurationList;
			buildConfigurations = (
				B722306A2F7C69A7000401F5 /* Debug */,
				B722306B2F7C69A7000401F5 /* Release */,
			);
			defaultConfigurationIsVisible = 0;
			defaultConfigurationName = Release;
		};
		B722325B2F7C7AD0000401F5 /* Build configuration list for PBXNativeTarget "JidalCEWidgetExtension" */ = {
			isa = XCConfigurationList;
			buildConfigurations = (
				B722325C2F7C7AD0000401F5 /* Debug */,
				B722325D2F7C7AD0000401F5 /* Release */,
			);
			defaultConfigurationIsVisible = 0;
			defaultConfigurationName = Release;
		};
/* End XCConfigurationList section */
	};
	rootObject = B72230562F7C69A5000401F5 /* Project object */;
}
